// !$*UTF8*$!
{
	archiveVersion = 1;
	classes = {
	};
	objectVersion = 56;
	objects = {

/* Begin PBXBuildFile section */
		379A8D162C682579006A7BBE /* kmmappApp.swift in Sources */ = {isa = PBXBuildFile; fileRef = 379A8D152C682579006A7BBE /* kmmappApp.swift */; };
		379A8D182C682579006A7BBE /* ContentView.swift in Sources */ = {isa = PBXBuildFile; fileRef = 379A8D172C682579006A7BBE /* ContentView.swift */; };
		379A8D1A2C68257C006A7BBE /* Assets.xcassets in Resources */ = {isa = PBXBuildFile; fileRef = 379A8D192C68257C006A7BBE /* Assets.xcassets */; };
		379A8D1D2C68257C006A7BBE /* Preview Assets.xcassets in Resources */ = {isa = PBXBuildFile; fileRef = 379A8D1C2C68257C006A7BBE /* Preview Assets.xcassets */; };
		379A8D272C68257C006A7BBE /* kmmappTests.swift in Sources */ = {isa = PBXBuildFile; fileRef = 379A8D262C68257C006A7BBE /* kmmappTests.swift */; };
		379A8D312C68257C006A7BBE /* kmmappUITests.swift in Sources */ = {isa = PBXBuildFile; fileRef = 379A8D302C68257C006A7BBE /* kmmappUITests.swift */; };
		379A8D332C68257C006A7BBE /* kmmappUITestsLaunchTests.swift in Sources */ = {isa = PBXBuildFile; fileRef = 379A8D322C68257C006A7BBE /* kmmappUITestsLaunchTests.swift */; };
/* End PBXBuildFile section */

/* Begin PBXContainerItemProxy section */
		379A8D232C68257C006A7BBE /* PBXContainerItemProxy */ = {
			isa = PBXContainerItemProxy;
			containerPortal = 379A8D0A2C682579006A7BBE /* Project object */;
			proxyType = 1;
			remoteGlobalIDString = 379A8D112C682579006A7BBE;
			remoteInfo = kmmapp;
		};
		379A8D2D2C68257C006A7BBE /* PBXContainerItemProxy */ = {
			isa = PBXContainerItemProxy;
			containerPortal = 379A8D0A2C682579006A7BBE /* Project object */;
			proxyType = 1;
			remoteGlobalIDString = 379A8D112C682579006A7BBE;
			remoteInfo = kmmapp;
		};
/* End PBXContainerItemProxy section */

/* Begin PBXFileReference section */
		379A8D122C682579006A7BBE /* kmmapp.app */ = {isa = PBXFileReference; explicitFileType = wrapper.application; includeInIndex = 0; path = kmmapp.app; sourceTree = BUILT_PRODUCTS_DIR; };
		379A8D152C682579006A7BBE /* kmmappApp.swift */ = {isa = PBXFileReference; lastKnownFileType = sourcecode.swift; path = kmmappApp.swift; sourceTree = "<group>"; };
		379A8D172C682579006A7BBE /* ContentView.swift */ = {isa = PBXFileReference; lastKnownFileType = sourcecode.swift; path = ContentView.swift; sourceTree = "<group>"; };
		379A8D192C68257C006A7BBE /* Assets.xcassets */ = {isa = PBXFileReference; lastKnownFileType = folder.assetcatalog; path = Assets.xcassets; sourceTree = "<group>"; };
		379A8D1C2C68257C006A7BBE /* Preview Assets.xcassets */ = {isa = PBXFileReference; lastKnownFileType = folder.assetcatalog; path = "Preview Assets.xcassets"; sourceTree = "<group>"; };
		379A8D222C68257C006A7BBE /* kmmappTests.xctest */ = {isa = PBXFileReference; explicitFileType = wrapper.cfbundle; includeInIndex = 0; path = kmmappTests.xctest; sourceTree = BUILT_PRODUCTS_DIR; };
		379A8D262C68257C006A7BBE /* kmmappTests.swift */ = {isa = PBXFileReference; lastKnownFileType = sourcecode.swift; path = kmmappTests.swift; sourceTree = "<group>"; };
		379A8D2C2C68257C006A7BBE /* kmmappUITests.xctest */ = {isa = PBXFileReference; explicitFileType = wrapper.cfbundle; includeInIndex = 0; path = kmmappUITests.xctest; sourceTree = BUILT_PRODUCTS_DIR; };
		379A8D302C68257C006A7BBE /* kmmappUITests.swift */ = {isa = PBXFileReference; lastKnownFileType = sourcecode.swift; path = kmmappUITests.swift; sourceTree = "<group>"; };
		379A8D322C68257C006A7BBE /* kmmappUITestsLaunchTests.swift */ = {isa = PBXFileReference; lastKnownFileType = sourcecode.swift; path = kmmappUITestsLaunchTests.swift; sourceTree = "<group>"; };
/* End PBXFileReference section */

/* Begin PBXFrameworksBuildPhase section */
		379A8D0F2C682579006A7BBE /* Frameworks */ = {
			isa = PBXFrameworksBuildPhase;
			buildActionMask = 2147483647;
			files = (
			);
			runOnlyForDeploymentPostprocessing = 0;
		};
		379A8D1F2C68257C006A7BBE /* Frameworks */ = {
			isa = PBXFrameworksBuildPhase;
			buildActionMask = 2147483647;
			files = (
			);
			runOnlyForDeploymentPostprocessing = 0;
		};
		379A8D292C68257C006A7BBE /* Frameworks */ = {
			isa = PBXFrameworksBuildPhase;
			buildActionMask = 2147483647;
			files = (
			);
			runOnlyForDeploymentPostprocessing = 0;
		};
/* End PBXFrameworksBuildPhase section */

/* Begin PBXGroup section */
		379A8D092C682579006A7BBE = {
			isa = PBXGroup;
			children = (
				379A8D142C682579006A7BBE /* kmmapp */,
				379A8D252C68257C006A7BBE /* kmmappTests */,
				379A8D2F2C68257C006A7BBE /* kmmappUITests */,
				379A8D132C682579006A7BBE /* Products */,
			);
			sourceTree = "<group>";
		};
		379A8D132C682579006A7BBE /* Products */ = {
			isa = PBXGroup;
			children = (
				379A8D122C682579006A7BBE /* kmmapp.app */,
				379A8D222C68257C006A7BBE /* kmmappTests.xctest */,
				379A8D2C2C68257C006A7BBE /* kmmappUITests.xctest */,
			);
			name = Products;
			sourceTree = "<group>";
		};
		379A8D142C682579006A7BBE /* kmmapp */ = {
			isa = PBXGroup;
			children = (
				379A8D152C682579006A7BBE /* kmmappApp.swift */,
				379A8D172C682579006A7BBE /* ContentView.swift */,
				379A8D192C68257C006A7BBE /* Assets.xcassets */,
				379A8D1B2C68257C006A7BBE /* Preview Content */,
			);
			path = kmmapp;
			sourceTree = "<group>";
		};
		379A8D1B2C68257C006A7BBE /* Preview Content */ = {
			isa = PBXGroup;
			children = (
				379A8D1C2C68257C006A7BBE /* Preview Assets.xcassets */,
			);
			path = "Preview Content";
			sourceTree = "<group>";
		};
		379A8D252C68257C006A7BBE /* kmmappTests */ = {
			isa = PBXGroup;
			children = (
				379A8D262C68257C006A7BBE /* kmmappTests.swift */,
			);
			path = kmmappTests;
			sourceTree = "<group>";
		};
		379A8D2F2C68257C006A7BBE /* kmmappUITests */ = {
			isa = PBXGroup;
			children = (
				379A8D302C68257C006A7BBE /* kmmappUITests.swift */,
				379A8D322C68257C006A7BBE /* kmmappUITestsLaunchTests.swift */,
			);
			path = kmmappUITests;
			sourceTree = "<group>";
		};
/* End PBXGroup section */

/* Begin PBXNativeTarget section */
		379A8D112C682579006A7BBE /* kmmapp */ = {
			isa = PBXNativeTarget;
			buildConfigurationList = 379A8D362C68257C006A7BBE /* Build configuration list for PBXNativeTarget "kmmapp" */;
			buildPhases = (
				379A8D3F2C6825C7006A7BBE /* Compile Kotlin */,
				379A8D0E2C682579006A7BBE /* Sources */,
				379A8D0F2C682579006A7BBE /* Frameworks */,
				379A8D102C682579006A7BBE /* Resources */,
			);
			buildRules = (
			);
			dependencies = (
			);
			name = kmmapp;
			productName = kmmapp;
			productReference = 379A8D122C682579006A7BBE /* kmmapp.app */;
			productType = "com.apple.product-type.application";
		};
		379A8D212C68257C006A7BBE /* kmmappTests */ = {
			isa = PBXNativeTarget;
			buildConfigurationList = 379A8D392C68257C006A7BBE /* Build configuration list for PBXNativeTarget "kmmappTests" */;
			buildPhases = (
				379A8D1E2C68257C006A7BBE /* Sources */,
				379A8D1F2C68257C006A7BBE /* Frameworks */,
				379A8D202C68257C006A7BBE /* Resources */,
			);
			buildRules = (
			);
			dependencies = (
				379A8D242C68257C006A7BBE /* PBXTargetDependency */,
			);
			name = kmmappTests;
			productName = kmmappTests;
			productReference = 379A8D222C68257C006A7BBE /* kmmappTests.xctest */;
			productType = "com.apple.product-type.bundle.unit-test";
		};
		379A8D2B2C68257C006A7BBE /* kmmappUITests */ = {
			isa = PBXNativeTarget;
			buildConfigurationList = 379A8D3C2C68257C006A7BBE /* Build configuration list for PBXNativeTarget "kmmappUITests" */;
			buildPhases = (
				379A8D282C68257C006A7BBE /* Sources */,
				379A8D292C68257C006A7BBE /* Frameworks */,
				379A8D2A2C68257C006A7BBE /* Resources */,
			);
			buildRules = (
			);
			dependencies = (
				379A8D2E2C68257C006A7BBE /* PBXTargetDependency */,
			);
			name = kmmappUITests;
			productName = kmmappUITests;
			productReference = 379A8D2C2C68257C006A7BBE /* kmmappUITests.xctest */;
			productType = "com.apple.product-type.bundle.ui-testing";
		};
/* End PBXNativeTarget section */

/* Begin PBXProject section */
		379A8D0A2C682579006A7BBE /* Project object */ = {
			isa = PBXProject;
			attributes = {
				BuildIndependentTargetsInParallel = 1;
				LastSwiftUpdateCheck = 1540;
				LastUpgradeCheck = 1540;
				TargetAttributes = {
					379A8D112C682579006A7BBE = {
						CreatedOnToolsVersion = 15.4;
					};
					379A8D212C68257C006A7BBE = {
						CreatedOnToolsVersion = 15.4;
						TestTargetID = 379A8D112C682579006A7BBE;
					};
					379A8D2B2C68257C006A7BBE = {
						CreatedOnToolsVersion = 15.4;
						TestTargetID = 379A8D112C682579006A7BBE;
					};
				};
			};
			buildConfigurationList = 379A8D0D2C682579006A7BBE /* Build configuration list for PBXProject "kmmapp" */;
			compatibilityVersion = "Xcode 14.0";
			developmentRegion = en;
			hasScannedForEncodings = 0;
			knownRegions = (
				en,
				Base,
			);
			mainGroup = 379A8D092C682579006A7BBE;
			productRefGroup = 379A8D132C682579006A7BBE /* Products */;
			projectDirPath = "";
			projectRoot = "";
			targets = (
				379A8D112C682579006A7BBE /* kmmapp */,
				379A8D212C68257C006A7BBE /* kmmappTests */,
				379A8D2B2C68257C006A7BBE /* kmmappUITests */,
			);
		};
/* End PBXProject section */

/* Begin PBXResourcesBuildPhase section */
		379A8D102C682579006A7BBE /* Resources */ = {
			isa = PBXResourcesBuildPhase;
			buildActionMask = 2147483647;
			files = (
				379A8D1D2C68257C006A7BBE /* Preview Assets.xcassets in Resources */,
				379A8D1A2C68257C006A7BBE /* Assets.xcassets in Resources */,
			);
			runOnlyForDeploymentPostprocessing = 0;
		};
		379A8D202C68257C006A7BBE /* Resources */ = {
			isa = PBXResourcesBuildPhase;
			buildActionMask = 2147483647;
			files = (
			);
			runOnlyForDeploymentPostprocessing = 0;
		};
		379A8D2A2C68257C006A7BBE /* Resources */ = {
			isa = PBXResourcesBuildPhase;
			buildActionMask = 2147483647;
			files = (
			);
			runOnlyForDeploymentPostprocessing = 0;
		};
/* End PBXResourcesBuildPhase section */

/* Begin PBXShellScriptBuildPhase section */
		379A8D3F2C6825C7006A7BBE /* Compile Kotlin */ = {
			isa = PBXShellScriptBuildPhase;
			buildActionMask = 2147483647;
			files = (
			);
			inputFileListPaths = (
			);
			inputPaths = (
			);
			name = "Compile Kotlin";
			outputFileListPaths = (
			);
			outputPaths = (
			);
			runOnlyForDeploymentPostprocessing = 0;
			shellPath = /bin/sh;
			shellScript = "# Type a script or drag a script file from your workspace to insert its path.\ncd \"$SRCROOT/../../../\"\n./gradlew :app:embedAndSignAppleFrameworkForXcode\n";
		};
/* End PBXShellScriptBuildPhase section */

/* Begin PBXSourcesBuildPhase section */
		379A8D0E2C682579006A7BBE /* Sources */ = {
			isa = PBXSourcesBuildPhase;
			buildActionMask = 2147483647;
			files = (
				379A8D182C682579006A7BBE /* ContentView.swift in Sources */,
				379A8D162C682579006A7BBE /* kmmappApp.swift in Sources */,
			);
			runOnlyForDeploymentPostprocessing = 0;
		};
		379A8D1E2C68257C006A7BBE /* Sources */ = {
			isa = PBXSourcesBuildPhase;
			buildActionMask = 2147483647;
			files = (
				379A8D272C68257C006A7BBE /* kmmappTests.swift in Sources */,
			);
			runOnlyForDeploymentPostprocessing = 0;
		};
		379A8D282C68257C006A7BBE /* Sources */ = {
			isa = PBXSourcesBuildPhase;
			buildActionMask = 2147483647;
			files = (
				379A8D332C68257C006A7BBE /* kmmappUITestsLaunchTests.swift in Sources */,
				379A8D312C68257C006A7BBE /* kmmappUITests.swift in Sources */,
			);
			runOnlyForDeploymentPostprocessing = 0;
		};
/* End PBXSourcesBuildPhase section */

/* Begin PBXTargetDependency section */
		379A8D242C68257C006A7BBE /* PBXTargetDependency */ = {
			isa = PBXTargetDependency;
			target = 379A8D112C682579006A7BBE /* kmmapp */;
			targetProxy = 379A8D232C68257C006A7BBE /* PBXContainerItemProxy */;
		};
		379A8D2E2C68257C006A7BBE /* PBXTargetDependency */ = {
			isa = PBXTargetDependency;
			target = 379A8D112C682579006A7BBE /* kmmapp */;
			targetProxy = 379A8D2D2C68257C006A7BBE /* PBXContainerItemProxy */;
		};
/* End PBXTargetDependency section */

/* Begin XCBuildConfiguration section */
		379A8D342C68257C006A7BBE /* Debug */ = {
			isa = XCBuildConfiguration;
			buildSettings = {
				ALWAYS_SEARCH_USER_PATHS = NO;
				ASSETCATALOG_COMPILER_GENERATE_SWIFT_ASSET_SYMBOL_EXTENSIONS = YES;
				CLANG_ANALYZER_NONNULL = YES;
				CLANG_ANALYZER_NUMBER_OBJECT_CONVERSION = YES_AGGRESSIVE;
				CLANG_CXX_LANGUAGE_STANDARD = "gnu++20";
				CLANG_ENABLE_MODULES = YES;
				CLANG_ENABLE_OBJC_ARC = YES;
				CLANG_ENABLE_OBJC_WEAK = YES;
				CLANG_WARN_BLOCK_CAPTURE_AUTORELEASING = YES;
				CLANG_WARN_BOOL_CONVERSION = YES;
				CLANG_WARN_COMMA = YES;
				CLANG_WARN_CONSTANT_CONVERSION = YES;
				CLANG_WARN_DEPRECATED_OBJC_IMPLEMENTATIONS = YES;
				CLANG_WARN_DIRECT_OBJC_ISA_USAGE = YES_ERROR;
				CLANG_WARN_DOCUMENTATION_COMMENTS = YES;
				CLANG_WARN_EMPTY_BODY = YES;
				CLANG_WARN_ENUM_CONVERSION = YES;
				CLANG_WARN_INFINITE_RECURSION = YES;
				CLANG_WARN_INT_CONVERSION = YES;
				CLANG_WARN_NON_LITERAL_NULL_CONVERSION = YES;
				CLANG_WARN_OBJC_IMPLICIT_RETAIN_SELF = YES;
				CLANG_WARN_OBJC_LITERAL_CONVERSION = YES;
				CLANG_WARN_OBJC_ROOT_CLASS = YES_ERROR;
				CLANG_WARN_QUOTED_INCLUDE_IN_FRAMEWORK_HEADER = YES;
				CLANG_WARN_RANGE_LOOP_ANALYSIS = YES;
				CLANG_WARN_STRICT_PROTOTYPES = YES;
				CLANG_WARN_SUSPICIOUS_MOVE = YES;
				CLANG_WARN_UNGUARDED_AVAILABILITY = YES_AGGRESSIVE;
				CLANG_WARN_UNREACHABLE_CODE = YES;
				CLANG_WARN__DUPLICATE_METHOD_MATCH = YES;
				COPY_PHASE_STRIP = NO;
				DEBUG_INFORMATION_FORMAT = dwarf;
				ENABLE_STRICT_OBJC_MSGSEND = YES;
				ENABLE_TESTABILITY = YES;
				ENABLE_USER_SCRIPT_SANDBOXING = NO;
				GCC_C_LANGUAGE_STANDARD = gnu17;
				GCC_DYNAMIC_NO_PIC = NO;
				GCC_NO_COMMON_BLOCKS = YES;
				GCC_OPTIMIZATION_LEVEL = 0;
				GCC_PREPROCESSOR_DEFINITIONS = (
					"DEBUG=1",
					"$(inherited)",
				);
				GCC_WARN_64_TO_32_BIT_CONVERSION = YES;
				GCC_WARN_ABOUT_RETURN_TYPE = YES_ERROR;
				GCC_WARN_UNDECLARED_SELECTOR = YES;
				GCC_WARN_UNINITIALIZED_AUTOS = YES_AGGRESSIVE;
				GCC_WARN_UNUSED_FUNCTION = YES;
				GCC_WARN_UNUSED_VARIABLE = YES;
				IPHONEOS_DEPLOYMENT_TARGET = 17.5;
				LOCALIZATION_PREFERS_STRING_CATALOGS = YES;
				MTL_ENABLE_DEBUG_INFO = INCLUDE_SOURCE;
				MTL_FAST_MATH = YES;
				ONLY_ACTIVE_ARCH = YES;
				SDKROOT = iphoneos;
				SWIFT_ACTIVE_COMPILATION_CONDITIONS = "DEBUG $(inherited)";
				SWIFT_OPTIMIZATION_LEVEL = "-Onone";
			};
			name = Debug;
		};
		379A8D352C68257C006A7BBE /* Release */ = {
			isa = XCBuildConfiguration;
			buildSettings = {
				ALWAYS_SEARCH_USER_PATHS = NO;
				ASSETCATALOG_COMPILER_GENERATE_SWIFT_ASSET_SYMBOL_EXTENSIONS = YES;
				CLANG_ANALYZER_NONNULL = YES;
				CLANG_ANALYZER_NUMBER_OBJECT_CONVERSION = YES_AGGRESSIVE;
				CLANG_CXX_LANGUAGE_STANDARD = "gnu++20";
				CLANG_ENABLE_MODULES = YES;
				CLANG_ENABLE_OBJC_ARC = YES;
				CLANG_ENABLE_OBJC_WEAK = YES;
				CLANG_WARN_BLOCK_CAPTURE_AUTORELEASING = YES;
				CLANG_WARN_BOOL_CONVERSION = YES;
				CLANG_WARN_COMMA = YES;
				CLANG_WARN_CONSTANT_CONVERSION = YES;
				CLANG_WARN_DEPRECATED_OBJC_IMPLEMENTATIONS = YES;
				CLANG_WARN_DIRECT_OBJC_ISA_USAGE = YES_ERROR;
				CLANG_WARN_DOCUMENTATION_COMMENTS = YES;
				CLANG_WARN_EMPTY_BODY = YES;
				CLANG_WARN_ENUM_CONVERSION = YES;
				CLANG_WARN_INFINITE_RECURSION = YES;
				CLANG_WARN_INT_CONVERSION = YES;
				CLANG_WARN_NON_LITERAL_NULL_CONVERSION = YES;
				CLANG_WARN_OBJC_IMPLICIT_RETAIN_SELF = YES;
				CLANG_WARN_OBJC_LITERAL_CONVERSION = YES;
				CLANG_WARN_OBJC_ROOT_CLASS = YES_ERROR;
				CLANG_WARN_QUOTED_INCLUDE_IN_FRAMEWORK_HEADER = YES;
				CLANG_WARN_RANGE_LOOP_ANALYSIS = YES;
				CLANG_WARN_STRICT_PROTOTYPES = YES;
				CLANG_WARN_SUSPICIOUS_MOVE = YES;
				CLANG_WARN_UNGUARDED_AVAILABILITY = YES_AGGRESSIVE;
				CLANG_WARN_UNREACHABLE_CODE = YES;
				CLANG_WARN__DUPLICATE_METHOD_MATCH = YES;
				COPY_PHASE_STRIP = NO;
				DEBUG_INFORMATION_FORMAT = "dwarf-with-dsym";
				ENABLE_NS_ASSERTIONS = NO;
				ENABLE_STRICT_OBJC_MSGSEND = YES;
				ENABLE_USER_SCRIPT_SANDBOXING = NO;
				GCC_C_LANGUAGE_STANDARD = gnu17;
				GCC_NO_COMMON_BLOCKS = YES;
				GCC_WARN_64_TO_32_BIT_CONVERSION = YES;
				GCC_WARN_ABOUT_RETURN_TYPE = YES_ERROR;
				GCC_WARN_UNDECLARED_SELECTOR = YES;
				GCC_WARN_UNINITIALIZED_AUTOS = YES_AGGRESSIVE;
				GCC_WARN_UNUSED_FUNCTION = YES;
				GCC_WARN_UNUSED_VARIABLE = YES;
				IPHONEOS_DEPLOYMENT_TARGET = 17.5;
				LOCALIZATION_PREFERS_STRING_CATALOGS = YES;
				MTL_ENABLE_DEBUG_INFO = NO;
				MTL_FAST_MATH = YES;
				SDKROOT = iphoneos;
				SWIFT_COMPILATION_MODE = wholemodule;
				VALIDATE_PRODUCT = YES;
			};
			name = Release;
		};
		379A8D372C68257C006A7BBE /* Debug */ = {
			isa = XCBuildConfiguration;
			buildSettings = {
				ASSETCATALOG_COMPILER_APPICON_NAME = AppIcon;
				ASSETCATALOG_COMPILER_GLOBAL_ACCENT_COLOR_NAME = AccentColor;
				CODE_SIGN_STYLE = Automatic;
				CURRENT_PROJECT_VERSION = 1;
				DEVELOPMENT_ASSET_PATHS = "\"kmmapp/Preview Content\"";
				ENABLE_PREVIEWS = YES;
				GENERATE_INFOPLIST_FILE = YES;
				INFOPLIST_KEY_UIApplicationSceneManifest_Generation = YES;
				INFOPLIST_KEY_UIApplicationSupportsIndirectInputEvents = YES;
				INFOPLIST_KEY_UILaunchScreen_Generation = YES;
				INFOPLIST_KEY_UISupportedInterfaceOrientations_iPad = "UIInterfaceOrientationPortrait UIInterfaceOrientationPortraitUpsideDown UIInterfaceOrientationLandscapeLeft UIInterfaceOrientationLandscapeRight";
				INFOPLIST_KEY_UISupportedInterfaceOrientations_iPhone = "UIInterfaceOrientationPortrait UIInterfaceOrientationLandscapeLeft UIInterfaceOrientationLandscapeRight";
				LD_RUNPATH_SEARCH_PATHS = (
					"$(inherited)",
					"@executable_path/Frameworks",
				);
				MARKETING_VERSION = 1.0;
				PRODUCT_BUNDLE_IDENTIFIER = com.example.com.kmmapp;
				PRODUCT_NAME = "$(TARGET_NAME)";
				SWIFT_EMIT_LOC_STRINGS = YES;
				SWIFT_VERSION = 5.0;
				TARGETED_DEVICE_FAMILY = "1,2";
			};
			name = Debug;
		};
		379A8D382C68257C006A7BBE /* Release */ = {
			isa = XCBuildConfiguration;
			buildSettings = {
				ASSETCATALOG_COMPILER_APPICON_NAME = AppIcon;
				ASSETCATALOG_COMPILER_GLOBAL_ACCENT_COLOR_NAME = AccentColor;
				CODE_SIGN_STYLE = Automatic;
				CURRENT_PROJECT_VERSION = 1;
				DEVELOPMENT_ASSET_PATHS = "\"kmmapp/Preview Content\"";
				ENABLE_PREVIEWS = YES;
				GENERATE_INFOPLIST_FILE = YES;
				INFOPLIST_KEY_UIApplicationSceneManifest_Generation = YES;
				INFOPLIST_KEY_UIApplicationSupportsIndirectInputEvents = YES;
				INFOPLIST_KEY_UILaunchScreen_Generation = YES;
				INFOPLIST_KEY_UISupportedInterfaceOrientations_iPad = "UIInterfaceOrientationPortrait UIInterfaceOrientationPortraitUpsideDown UIInterfaceOrientationLandscapeLeft UIInterfaceOrientationLandscapeRight";
				INFOPLIST_KEY_UISupportedInterfaceOrientations_iPhone = "UIInterfaceOrientationPortrait UIInterfaceOrientationLandscapeLeft UIInterfaceOrientationLandscapeRight";
				LD_RUNPATH_SEARCH_PATHS = (
					"$(inherited)",
					"@executable_path/Frameworks",
				);
				MARKETING_VERSION = 1.0;
				PRODUCT_BUNDLE_IDENTIFIER = com.example.com.kmmapp;
				PRODUCT_NAME = "$(TARGET_NAME)";
				SWIFT_EMIT_LOC_STRINGS = YES;
				SWIFT_VERSION = 5.0;
				TARGETED_DEVICE_FAMILY = "1,2";
			};
			name = Release;
		};
		379A8D3A2C68257C006A7BBE /* Debug */ = {
			isa = XCBuildConfiguration;
			buildSettings = {
				ALWAYS_EMBED_SWIFT_STANDARD_LIBRARIES = YES;
				BUNDLE_LOADER = "$(TEST_HOST)";
				CODE_SIGN_STYLE = Automatic;
				CURRENT_PROJECT_VERSION = 1;
				GENERATE_INFOPLIST_FILE = YES;
				IPHONEOS_DEPLOYMENT_TARGET = 17.5;
				MARKETING_VERSION = 1.0;
				PRODUCT_BUNDLE_IDENTIFIER = com.example.com.kmmappTests;
				PRODUCT_NAME = "$(TARGET_NAME)";
				SWIFT_EMIT_LOC_STRINGS = NO;
				SWIFT_VERSION = 5.0;
				TARGETED_DEVICE_FAMILY = "1,2";
				TEST_HOST = "$(BUILT_PRODUCTS_DIR)/kmmapp.app/$(BUNDLE_EXECUTABLE_FOLDER_PATH)/kmmapp";
			};
			name = Debug;
		};
		379A8D3B2C68257C006A7BBE /* Release */ = {
			isa = XCBuildConfiguration;
			buildSettings = {
				ALWAYS_EMBED_SWIFT_STANDARD_LIBRARIES = YES;
				BUNDLE_LOADER = "$(TEST_HOST)";
				CODE_SIGN_STYLE = Automatic;
				CURRENT_PROJECT_VERSION = 1;
				GENERATE_INFOPLIST_FILE = YES;
				IPHONEOS_DEPLOYMENT_TARGET = 17.5;
				MARKETING_VERSION = 1.0;
				PRODUCT_BUNDLE_IDENTIFIER = com.example.com.kmmappTests;
				PRODUCT_NAME = "$(TARGET_NAME)";
				SWIFT_EMIT_LOC_STRINGS = NO;
				SWIFT_VERSION = 5.0;
				TARGETED_DEVICE_FAMILY = "1,2";
				TEST_HOST = "$(BUILT_PRODUCTS_DIR)/kmmapp.app/$(BUNDLE_EXECUTABLE_FOLDER_PATH)/kmmapp";
			};
			name = Release;
		};
		379A8D3D2C68257C006A7BBE /* Debug */ = {
			isa = XCBuildConfiguration;
			buildSettings = {
				ALWAYS_EMBED_SWIFT_STANDARD_LIBRARIES = YES;
				CODE_SIGN_STYLE = Automatic;
				CURRENT_PROJECT_VERSION = 1;
				GENERATE_INFOPLIST_FILE = YES;
				MARKETING_VERSION = 1.0;
				PRODUCT_BUNDLE_IDENTIFIER = com.example.com.kmmappUITests;
				PRODUCT_NAME = "$(TARGET_NAME)";
				SWIFT_EMIT_LOC_STRINGS = NO;
				SWIFT_VERSION = 5.0;
				TARGETED_DEVICE_FAMILY = "1,2";
				TEST_TARGET_NAME = kmmapp;
			};
			name = Debug;
		};
		379A8D3E2C68257C006A7BBE /* Release */ = {
			isa = XCBuildConfiguration;
			buildSettings = {
				ALWAYS_EMBED_SWIFT_STANDARD_LIBRARIES = YES;
				CODE_SIGN_STYLE = Automatic;
				CURRENT_PROJECT_VERSION = 1;
				GENERATE_INFOPLIST_FILE = YES;
				MARKETING_VERSION = 1.0;
				PRODUCT_BUNDLE_IDENTIFIER = com.example.com.kmmappUITests;
				PRODUCT_NAME = "$(TARGET_NAME)";
				SWIFT_EMIT_LOC_STRINGS = NO;
				SWIFT_VERSION = 5.0;
				TARGETED_DEVICE_FAMILY = "1,2";
				TEST_TARGET_NAME = kmmapp;
			};
			name = Release;
		};
/* End XCBuildConfiguration section */

/* Begin XCConfigurationList section */
		379A8D0D2C682579006A7BBE /* Build configuration list for PBXProject "kmmapp" */ = {
			isa = XCConfigurationList;
			buildConfigurations = (
				379A8D342C68257C006A7BBE /* Debug */,
				379A8D352C68257C006A7BBE /* Release */,
			);
			defaultConfigurationIsVisible = 0;
			defaultConfigurationName = Release;
		};
		379A8D362C68257C006A7BBE /* Build configuration list for PBXNativeTarget "kmmapp" */ = {
			isa = XCConfigurationList;
			buildConfigurations = (
				379A8D372C68257C006A7BBE /* Debug */,
				379A8D382C68257C006A7BBE /* Release */,
			);
			defaultConfigurationIsVisible = 0;
			defaultConfigurationName = Release;
		};
		379A8D392C68257C006A7BBE /* Build configuration list for PBXNativeTarget "kmmappTests" */ = {
			isa = XCConfigurationList;
			buildConfigurations = (
				379A8D3A2C68257C006A7BBE /* Debug */,
				379A8D3B2C68257C006A7BBE /* Release */,
			);
			defaultConfigurationIsVisible = 0;
			defaultConfigurationName = Release;
		};
		379A8D3C2C68257C006A7BBE /* Build configuration list for PBXNativeTarget "kmmappUITests" */ = {
			isa = XCConfigurationList;
			buildConfigurations = (
				379A8D3D2C68257C006A7BBE /* Debug */,
				379A8D3E2C68257C006A7BBE /* Release */,
			);
			defaultConfigurationIsVisible = 0;
			defaultConfigurationName = Release;
		};
/* End XCConfigurationList section */
	};
	rootObject = 379A8D0A2C682579006A7BBE /* Project object */;
}
